// !$*UTF8*$!
{
	archiveVersion = 1;
	classes = {
	};
	objectVersion = 46;
	objects = {

/* Begin PBXBuildFile section */
		B5294AE615DCF9CF003DB0C2 /* DSLCalendarDayCalloutView.m in Sources */ = {isa = PBXBuildFile; fileRef = B5294AE515DCF9CF003DB0C2 /* DSLCalendarDayCalloutView.m */; };
		B5294AE915DCFA59003DB0C2 /* DSLCalendarDayCalloutView.xib in Resources */ = {isa = PBXBuildFile; fileRef = B5294AE815DCFA59003DB0C2 /* DSLCalendarDayCalloutView.xib */; };
		B5A24DC015D81F3D00F07396 /* UIKit.framework in Frameworks */ = {isa = PBXBuildFile; fileRef = B5A24DBF15D81F3D00F07396 /* UIKit.framework */; };
		B5A24DC215D81F3D00F07396 /* Foundation.framework in Frameworks */ = {isa = PBXBuildFile; fileRef = B5A24DC115D81F3D00F07396 /* Foundation.framework */; };
		B5A24DC415D81F3D00F07396 /* CoreGraphics.framework in Frameworks */ = {isa = PBXBuildFile; fileRef = B5A24DC315D81F3D00F07396 /* CoreGraphics.framework */; };
		B5A24DCA15D81F3D00F07396 /* InfoPlist.strings in Resources */ = {isa = PBXBuildFile; fileRef = B5A24DC815D81F3D00F07396 /* InfoPlist.strings */; };
		B5A24DCC15D81F3D00F07396 /* main.m in Sources */ = {isa = PBXBuildFile; fileRef = B5A24DCB15D81F3D00F07396 /* main.m */; };
		B5A24DD015D81F3D00F07396 /* AppDelegate.m in Sources */ = {isa = PBXBuildFile; fileRef = B5A24DCF15D81F3D00F07396 /* AppDelegate.m */; };
		B5A24DD315D81F3D00F07396 /* ViewController.m in Sources */ = {isa = PBXBuildFile; fileRef = B5A24DD215D81F3D00F07396 /* ViewController.m */; };
		B5A24DD615D81F3D00F07396 /* ViewController.xib in Resources */ = {isa = PBXBuildFile; fileRef = B5A24DD415D81F3D00F07396 /* ViewController.xib */; };
		B5A24DEC15D81F9A00F07396 /* DSLCalendarDayView.m in Sources */ = {isa = PBXBuildFile; fileRef = B5A24DE215D81F9A00F07396 /* DSLCalendarDayView.m */; };
		B5A24DED15D81F9A00F07396 /* DSLCalendarMonthView.m in Sources */ = {isa = PBXBuildFile; fileRef = B5A24DE415D81F9A00F07396 /* DSLCalendarMonthView.m */; };
		B5A24DEE15D81F9A00F07396 /* DSLCalendarRange.m in Sources */ = {isa = PBXBuildFile; fileRef = B5A24DE615D81F9A00F07396 /* DSLCalendarRange.m */; };
		B5A24DEF15D81F9A00F07396 /* DSLCalendarView.m in Sources */ = {isa = PBXBuildFile; fileRef = B5A24DE815D81F9A00F07396 /* DSLCalendarView.m */; };
		B5A24DF015D81F9A00F07396 /* DSLCalendarMonthSelectorView.m in Sources */ = {isa = PBXBuildFile; fileRef = B5A24DEA15D81F9A00F07396 /* DSLCalendarMonthSelectorView.m */; };
		B5A24DF115D81F9A00F07396 /* DSLCalendarMonthSelectorView.xib in Resources */ = {isa = PBXBuildFile; fileRef = B5A24DEB15D81F9A00F07396 /* DSLCalendarMonthSelectorView.xib */; };
		B5E17CF115DD12AE003DEDEA /* DSLCalendarDayCallout.png in Resources */ = {isa = PBXBuildFile; fileRef = B5E17CE715DD12AE003DEDEA /* DSLCalendarDayCallout.png */; };
		B5E17CF215DD12AE003DEDEA /* DSLCalendarDayCallout@2x.png in Resources */ = {isa = PBXBuildFile; fileRef = B5E17CE815DD12AE003DEDEA /* DSLCalendarDayCallout@2x.png */; };
		B5E17CF315DD12AE003DEDEA /* DSLCalendarDaySelection-left.png in Resources */ = {isa = PBXBuildFile; fileRef = B5E17CE915DD12AE003DEDEA /* DSLCalendarDaySelection-left.png */; };
		B5E17CF415DD12AE003DEDEA /* DSLCalendarDaySelection-left@2x.png in Resources */ = {isa = PBXBuildFile; fileRef = B5E17CEA15DD12AE003DEDEA /* DSLCalendarDaySelection-left@2x.png */; };
		B5E17CF515DD12AE003DEDEA /* DSLCalendarDaySelection-middle.png in Resources */ = {isa = PBXBuildFile; fileRef = B5E17CEB15DD12AE003DEDEA /* DSLCalendarDaySelection-middle.png */; };
		B5E17CF615DD12AE003DEDEA /* DSLCalendarDaySelection-middle@2x.png in Resources */ = {isa = PBXBuildFile; fileRef = B5E17CEC15DD12AE003DEDEA /* DSLCalendarDaySelection-middle@2x.png */; };
		B5E17CF715DD12AE003DEDEA /* DSLCalendarDaySelection-right.png in Resources */ = {isa = PBXBuildFile; fileRef = B5E17CED15DD12AE003DEDEA /* DSLCalendarDaySelection-right.png */; };
		B5E17CF815DD12AE003DEDEA /* DSLCalendarDaySelection-right@2x.png in Resources */ = {isa = PBXBuildFile; fileRef = B5E17CEE15DD12AE003DEDEA /* DSLCalendarDaySelection-right@2x.png */; };
		B5E17CF915DD12AE003DEDEA /* DSLCalendarDaySelection.png in Resources */ = {isa = PBXBuildFile; fileRef = B5E17CEF15DD12AE003DEDEA /* DSLCalendarDaySelection.png */; };
		B5E17CFA15DD12AE003DEDEA /* DSLCalendarDaySelection@2x.png in Resources */ = {isa = PBXBuildFile; fileRef = B5E17CF015DD12AE003DEDEA /* DSLCalendarDaySelection@2x.png */; };
		B5E17D1015DD577C003DEDEA /* DSLCalendar-nextMonth.png in Resources */ = {isa = PBXBuildFile; fileRef = B5E17D0C15DD577C003DEDEA /* DSLCalendar-nextMonth.png */; };
		B5E17D1115DD577C003DEDEA /* DSLCalendar-nextMonth@2x.png in Resources */ = {isa = PBXBuildFile; fileRef = B5E17D0D15DD577C003DEDEA /* DSLCalendar-nextMonth@2x.png */; };
		B5E17D1215DD577C003DEDEA /* DSLCalendar-previousMonth.png in Resources */ = {isa = PBXBuildFile; fileRef = B5E17D0E15DD577C003DEDEA /* DSLCalendar-previousMonth.png */; };
		B5E17D1315DD577C003DEDEA /* DSLCalendar-previousMonth@2x.png in Resources */ = {isa = PBXBuildFile; fileRef = B5E17D0F15DD577C003DEDEA /* DSLCalendar-previousMonth@2x.png */; };
		B5E17D1615DD5F1E003DEDEA /* NSDate+DSLCalendarView.m in Sources */ = {isa = PBXBuildFile; fileRef = B5E17D1515DD5F1E003DEDEA /* NSDate+DSLCalendarView.m */; };
		C15EF2F816491EDA00318CE2 /* Default-568h@2x.png in Resources */ = {isa = PBXBuildFile; fileRef = C15EF2F716491EDA00318CE2 /* Default-568h@2x.png */; };
		C15EF2FB1649223500318CE2 /* Icon-114.png in Resources */ = {isa = PBXBuildFile; fileRef = C15EF2FA1649223500318CE2 /* Icon-114.png */; };
		C15EF2FD1649223900318CE2 /* Icon-57.png in Resources */ = {isa = PBXBuildFile; fileRef = C15EF2FC1649223900318CE2 /* Icon-57.png */; };
		C15EF2FF1649230700318CE2 /* Default@2x.png in Resources */ = {isa = PBXBuildFile; fileRef = C15EF2FE1649230700318CE2 /* Default@2x.png */; };
		C15EF3011649230A00318CE2 /* Default.png in Resources */ = {isa = PBXBuildFile; fileRef = C15EF3001649230A00318CE2 /* Default.png */; };
/* End PBXBuildFile section */

/* Begin PBXFileReference section */
		B5294AE415DCF9CF003DB0C2 /* DSLCalendarDayCalloutView.h */ = {isa = PBXFileReference; fileEncoding = 4; lastKnownFileType = sourcecode.c.h; path = DSLCalendarDayCalloutView.h; sourceTree = "<group>"; };
		B5294AE515DCF9CF003DB0C2 /* DSLCalendarDayCalloutView.m */ = {isa = PBXFileReference; fileEncoding = 4; lastKnownFileType = sourcecode.c.objc; path = DSLCalendarDayCalloutView.m; sourceTree = "<group>"; };
		B5294AE815DCFA59003DB0C2 /* DSLCalendarDayCalloutView.xib */ = {isa = PBXFileReference; fileEncoding = 4; lastKnownFileType = file.xib; path = DSLCalendarDayCalloutView.xib; sourceTree = "<group>"; };
		B5A24DBB15D81F3D00F07396 /* DSLCalendarViewExample.app */ = {isa = PBXFileReference; explicitFileType = wrapper.application; includeInIndex = 0; path = DSLCalendarViewExample.app; sourceTree = BUILT_PRODUCTS_DIR; };
		B5A24DBF15D81F3D00F07396 /* UIKit.framework */ = {isa = PBXFileReference; lastKnownFileType = wrapper.framework; name = UIKit.framework; path = System/Library/Frameworks/UIKit.framework; sourceTree = SDKROOT; };
		B5A24DC115D81F3D00F07396 /* Foundation.framework */ = {isa = PBXFileReference; lastKnownFileType = wrapper.framework; name = Foundation.framework; path = System/Library/Frameworks/Foundation.framework; sourceTree = SDKROOT; };
		B5A24DC315D81F3D00F07396 /* CoreGraphics.framework */ = {isa = PBXFileReference; lastKnownFileType = wrapper.framework; name = CoreGraphics.framework; path = System/Library/Frameworks/CoreGraphics.framework; sourceTree = SDKROOT; };
		B5A24DC715D81F3D00F07396 /* DSLCalendarViewExample-Info.plist */ = {isa = PBXFileReference; lastKnownFileType = text.plist.xml; path = "DSLCalendarViewExample-Info.plist"; sourceTree = "<group>"; };
		B5A24DC915D81F3D00F07396 /* en */ = {isa = PBXFileReference; lastKnownFileType = text.plist.strings; name = en; path = en.lproj/InfoPlist.strings; sourceTree = "<group>"; };
		B5A24DCB15D81F3D00F07396 /* main.m */ = {isa = PBXFileReference; lastKnownFileType = sourcecode.c.objc; path = main.m; sourceTree = "<group>"; };
		B5A24DCD15D81F3D00F07396 /* DSLCalendarViewExample-Prefix.pch */ = {isa = PBXFileReference; lastKnownFileType = sourcecode.c.h; path = "DSLCalendarViewExample-Prefix.pch"; sourceTree = "<group>"; };
		B5A24DCE15D81F3D00F07396 /* AppDelegate.h */ = {isa = PBXFileReference; lastKnownFileType = sourcecode.c.h; path = AppDelegate.h; sourceTree = "<group>"; };
		B5A24DCF15D81F3D00F07396 /* AppDelegate.m */ = {isa = PBXFileReference; lastKnownFileType = sourcecode.c.objc; path = AppDelegate.m; sourceTree = "<group>"; };
		B5A24DD115D81F3D00F07396 /* ViewController.h */ = {isa = PBXFileReference; lastKnownFileType = sourcecode.c.h; path = ViewController.h; sourceTree = "<group>"; };
		B5A24DD215D81F3D00F07396 /* ViewController.m */ = {isa = PBXFileReference; lastKnownFileType = sourcecode.c.objc; path = ViewController.m; sourceTree = "<group>"; };
		B5A24DD515D81F3D00F07396 /* en */ = {isa = PBXFileReference; lastKnownFileType = file.xib; name = en; path = en.lproj/ViewController.xib; sourceTree = "<group>"; };
		B5A24DE115D81F9A00F07396 /* DSLCalendarDayView.h */ = {isa = PBXFileReference; fileEncoding = 4; lastKnownFileType = sourcecode.c.h; path = DSLCalendarDayView.h; sourceTree = "<group>"; };
		B5A24DE215D81F9A00F07396 /* DSLCalendarDayView.m */ = {isa = PBXFileReference; fileEncoding = 4; lastKnownFileType = sourcecode.c.objc; path = DSLCalendarDayView.m; sourceTree = "<group>"; };
		B5A24DE315D81F9A00F07396 /* DSLCalendarMonthView.h */ = {isa = PBXFileReference; fileEncoding = 4; lastKnownFileType = sourcecode.c.h; path = DSLCalendarMonthView.h; sourceTree = "<group>"; };
		B5A24DE415D81F9A00F07396 /* DSLCalendarMonthView.m */ = {isa = PBXFileReference; fileEncoding = 4; lastKnownFileType = sourcecode.c.objc; path = DSLCalendarMonthView.m; sourceTree = "<group>"; };
		B5A24DE515D81F9A00F07396 /* DSLCalendarRange.h */ = {isa = PBXFileReference; fileEncoding = 4; lastKnownFileType = sourcecode.c.h; path = DSLCalendarRange.h; sourceTree = "<group>"; };
		B5A24DE615D81F9A00F07396 /* DSLCalendarRange.m */ = {isa = PBXFileReference; fileEncoding = 4; lastKnownFileType = sourcecode.c.objc; path = DSLCalendarRange.m; sourceTree = "<group>"; };
		B5A24DE715D81F9A00F07396 /* DSLCalendarView.h */ = {isa = PBXFileReference; fileEncoding = 4; lastKnownFileType = sourcecode.c.h; path = DSLCalendarView.h; sourceTree = "<group>"; };
		B5A24DE815D81F9A00F07396 /* DSLCalendarView.m */ = {isa = PBXFileReference; fileEncoding = 4; lastKnownFileType = sourcecode.c.objc; path = DSLCalendarView.m; sourceTree = "<group>"; };
		B5A24DE915D81F9A00F07396 /* DSLCalendarMonthSelectorView.h */ = {isa = PBXFileReference; fileEncoding = 4; lastKnownFileType = sourcecode.c.h; path = DSLCalendarMonthSelectorView.h; sourceTree = "<group>"; };
		B5A24DEA15D81F9A00F07396 /* DSLCalendarMonthSelectorView.m */ = {isa = PBXFileReference; fileEncoding = 4; lastKnownFileType = sourcecode.c.objc; path = DSLCalendarMonthSelectorView.m; sourceTree = "<group>"; };
		B5A24DEB15D81F9A00F07396 /* DSLCalendarMonthSelectorView.xib */ = {isa = PBXFileReference; fileEncoding = 4; lastKnownFileType = file.xib; path = DSLCalendarMonthSelectorView.xib; sourceTree = "<group>"; };
		B5E17CE715DD12AE003DEDEA /* DSLCalendarDayCallout.png */ = {isa = PBXFileReference; lastKnownFileType = image.png; path = DSLCalendarDayCallout.png; sourceTree = "<group>"; };
		B5E17CE815DD12AE003DEDEA /* DSLCalendarDayCallout@2x.png */ = {isa = PBXFileReference; lastKnownFileType = image.png; path = "DSLCalendarDayCallout@2x.png"; sourceTree = "<group>"; };
		B5E17CE915DD12AE003DEDEA /* DSLCalendarDaySelection-left.png */ = {isa = PBXFileReference; lastKnownFileType = image.png; path = "DSLCalendarDaySelection-left.png"; sourceTree = "<group>"; };
		B5E17CEA15DD12AE003DEDEA /* DSLCalendarDaySelection-left@2x.png */ = {isa = PBXFileReference; lastKnownFileType = image.png; path = "DSLCalendarDaySelection-left@2x.png"; sourceTree = "<group>"; };
		B5E17CEB15DD12AE003DEDEA /* DSLCalendarDaySelection-middle.png */ = {isa = PBXFileReference; lastKnownFileType = image.png; path = "DSLCalendarDaySelection-middle.png"; sourceTree = "<group>"; };
		B5E17CEC15DD12AE003DEDEA /* DSLCalendarDaySelection-middle@2x.png */ = {isa = PBXFileReference; lastKnownFileType = image.png; path = "DSLCalendarDaySelection-middle@2x.png"; sourceTree = "<group>"; };
		B5E17CED15DD12AE003DEDEA /* DSLCalendarDaySelection-right.png */ = {isa = PBXFileReference; lastKnownFileType = image.png; path = "DSLCalendarDaySelection-right.png"; sourceTree = "<group>"; };
		B5E17CEE15DD12AE003DEDEA /* DSLCalendarDaySelection-right@2x.png */ = {isa = PBXFileReference; lastKnownFileType = image.png; path = "DSLCalendarDaySelection-right@2x.png"; sourceTree = "<group>"; };
		B5E17CEF15DD12AE003DEDEA /* DSLCalendarDaySelection.png */ = {isa = PBXFileReference; lastKnownFileType = image.png; path = DSLCalendarDaySelection.png; sourceTree = "<group>"; };
		B5E17CF015DD12AE003DEDEA /* DSLCalendarDaySelection@2x.png */ = {isa = PBXFileReference; lastKnownFileType = image.png; path = "DSLCalendarDaySelection@2x.png"; sourceTree = "<group>"; };
		B5E17D0C15DD577C003DEDEA /* DSLCalendar-nextMonth.png */ = {isa = PBXFileReference; lastKnownFileType = image.png; path = "DSLCalendar-nextMonth.png"; sourceTree = "<group>"; };
		B5E17D0D15DD577C003DEDEA /* DSLCalendar-nextMonth@2x.png */ = {isa = PBXFileReference; lastKnownFileType = image.png; path = "DSLCalendar-nextMonth@2x.png"; sourceTree = "<group>"; };
		B5E17D0E15DD577C003DEDEA /* DSLCalendar-previousMonth.png */ = {isa = PBXFileReference; lastKnownFileType = image.png; path = "DSLCalendar-previousMonth.png"; sourceTree = "<group>"; };
		B5E17D0F15DD577C003DEDEA /* DSLCalendar-previousMonth@2x.png */ = {isa = PBXFileReference; lastKnownFileType = image.png; path = "DSLCalendar-previousMonth@2x.png"; sourceTree = "<group>"; };
		B5E17D1415DD5F1D003DEDEA /* NSDate+DSLCalendarView.h */ = {isa = PBXFileReference; fileEncoding = 4; lastKnownFileType = sourcecode.c.h; path = "NSDate+DSLCalendarView.h"; sourceTree = "<group>"; };
		B5E17D1515DD5F1E003DEDEA /* NSDate+DSLCalendarView.m */ = {isa = PBXFileReference; fileEncoding = 4; lastKnownFileType = sourcecode.c.objc; path = "NSDate+DSLCalendarView.m"; sourceTree = "<group>"; };
		C15EF2F716491EDA00318CE2 /* Default-568h@2x.png */ = {isa = PBXFileReference; lastKnownFileType = image.png; path = "Default-568h@2x.png"; sourceTree = "<group>"; };
		C15EF2FA1649223500318CE2 /* Icon-114.png */ = {isa = PBXFileReference; lastKnownFileType = image.png; path = "Icon-114.png"; sourceTree = "<group>"; };
		C15EF2FC1649223900318CE2 /* Icon-57.png */ = {isa = PBXFileReference; lastKnownFileType = image.png; path = "Icon-57.png"; sourceTree = "<group>"; };
		C15EF2FE1649230700318CE2 /* Default@2x.png */ = {isa = PBXFileReference; lastKnownFileType = image.png; path = "Default@2x.png"; sourceTree = "<group>"; };
		C15EF3001649230A00318CE2 /* Default.png */ = {isa = PBXFileReference; lastKnownFileType = image.png; path = Default.png; sourceTree = "<group>"; };
/* End PBXFileReference section */

/* Begin PBXFrameworksBuildPhase section */
		B5A24DB815D81F3D00F07396 /* Frameworks */ = {
			isa = PBXFrameworksBuildPhase;
			buildActionMask = 2147483647;
			files = (
				B5A24DC015D81F3D00F07396 /* UIKit.framework in Frameworks */,
				B5A24DC215D81F3D00F07396 /* Foundation.framework in Frameworks */,
				B5A24DC415D81F3D00F07396 /* CoreGraphics.framework in Frameworks */,
			);
			runOnlyForDeploymentPostprocessing = 0;
		};
/* End PBXFrameworksBuildPhase section */

/* Begin PBXGroup section */
		B5A24DB015D81F3D00F07396 = {
			isa = PBXGroup;
			children = (
				C15EF3001649230A00318CE2 /* Default.png */,
				C15EF2FE1649230700318CE2 /* Default@2x.png */,
				C15EF2F716491EDA00318CE2 /* Default-568h@2x.png */,
				C15EF2FC1649223900318CE2 /* Icon-57.png */,
				C15EF2FA1649223500318CE2 /* Icon-114.png */,
				B5A24DC515D81F3D00F07396 /* DSLCalendarViewExample */,
				B5A24DBE15D81F3D00F07396 /* Frameworks */,
				B5A24DBC15D81F3D00F07396 /* Products */,
			);
			sourceTree = "<group>";
			wrapsLines = 0;
		};
		B5A24DBC15D81F3D00F07396 /* Products */ = {
			isa = PBXGroup;
			children = (
				B5A24DBB15D81F3D00F07396 /* DSLCalendarViewExample.app */,
			);
			name = Products;
			sourceTree = "<group>";
		};
		B5A24DBE15D81F3D00F07396 /* Frameworks */ = {
			isa = PBXGroup;
			children = (
				B5A24DBF15D81F3D00F07396 /* UIKit.framework */,
				B5A24DC115D81F3D00F07396 /* Foundation.framework */,
				B5A24DC315D81F3D00F07396 /* CoreGraphics.framework */,
			);
			name = Frameworks;
			sourceTree = "<group>";
		};
		B5A24DC515D81F3D00F07396 /* DSLCalendarViewExample */ = {
			isa = PBXGroup;
			children = (
				B5A24DE015D81F9A00F07396 /* DSLCalendarView */,
				B5A24DCE15D81F3D00F07396 /* AppDelegate.h */,
				B5A24DCF15D81F3D00F07396 /* AppDelegate.m */,
				B5A24DD115D81F3D00F07396 /* ViewController.h */,
				B5A24DD215D81F3D00F07396 /* ViewController.m */,
				B5A24DD415D81F3D00F07396 /* ViewController.xib */,
				B5A24DC615D81F3D00F07396 /* Supporting Files */,
			);
			path = DSLCalendarViewExample;
			sourceTree = "<group>";
		};
		B5A24DC615D81F3D00F07396 /* Supporting Files */ = {
			isa = PBXGroup;
			children = (
				B5A24DC715D81F3D00F07396 /* DSLCalendarViewExample-Info.plist */,
				B5A24DC815D81F3D00F07396 /* InfoPlist.strings */,
				B5A24DCB15D81F3D00F07396 /* main.m */,
				B5A24DCD15D81F3D00F07396 /* DSLCalendarViewExample-Prefix.pch */,
			);
			name = "Supporting Files";
			sourceTree = "<group>";
		};
		B5A24DE015D81F9A00F07396 /* DSLCalendarView */ = {
			isa = PBXGroup;
			children = (
				B5E17CE615DD12AE003DEDEA /* Images */,
				B5A24DE715D81F9A00F07396 /* DSLCalendarView.h */,
				B5A24DE815D81F9A00F07396 /* DSLCalendarView.m */,
				B5A24DE915D81F9A00F07396 /* DSLCalendarMonthSelectorView.h */,
				B5A24DEA15D81F9A00F07396 /* DSLCalendarMonthSelectorView.m */,
				B5A24DEB15D81F9A00F07396 /* DSLCalendarMonthSelectorView.xib */,
				B5A24DE315D81F9A00F07396 /* DSLCalendarMonthView.h */,
				B5A24DE415D81F9A00F07396 /* DSLCalendarMonthView.m */,
				B5A24DE115D81F9A00F07396 /* DSLCalendarDayView.h */,
				B5A24DE215D81F9A00F07396 /* DSLCalendarDayView.m */,
				B5A24DE515D81F9A00F07396 /* DSLCalendarRange.h */,
				B5A24DE615D81F9A00F07396 /* DSLCalendarRange.m */,
				B5294AE415DCF9CF003DB0C2 /* DSLCalendarDayCalloutView.h */,
				B5294AE515DCF9CF003DB0C2 /* DSLCalendarDayCalloutView.m */,
				B5294AE815DCFA59003DB0C2 /* DSLCalendarDayCalloutView.xib */,
				B5E17D1415DD5F1D003DEDEA /* NSDate+DSLCalendarView.h */,
				B5E17D1515DD5F1E003DEDEA /* NSDate+DSLCalendarView.m */,
			);
			name = DSLCalendarView;
			path = ../../DSLCalendarView;
			sourceTree = "<group>";
		};
		B5E17CE615DD12AE003DEDEA /* Images */ = {
			isa = PBXGroup;
			children = (
				B5E17D0C15DD577C003DEDEA /* DSLCalendar-nextMonth.png */,
				B5E17D0D15DD577C003DEDEA /* DSLCalendar-nextMonth@2x.png */,
				B5E17D0E15DD577C003DEDEA /* DSLCalendar-previousMonth.png */,
				B5E17D0F15DD577C003DEDEA /* DSLCalendar-previousMonth@2x.png */,
				B5E17CE715DD12AE003DEDEA /* DSLCalendarDayCallout.png */,
				B5E17CE815DD12AE003DEDEA /* DSLCalendarDayCallout@2x.png */,
				B5E17CE915DD12AE003DEDEA /* DSLCalendarDaySelection-left.png */,
				B5E17CEA15DD12AE003DEDEA /* DSLCalendarDaySelection-left@2x.png */,
				B5E17CEB15DD12AE003DEDEA /* DSLCalendarDaySelection-middle.png */,
				B5E17CEC15DD12AE003DEDEA /* DSLCalendarDaySelection-middle@2x.png */,
				B5E17CED15DD12AE003DEDEA /* DSLCalendarDaySelection-right.png */,
				B5E17CEE15DD12AE003DEDEA /* DSLCalendarDaySelection-right@2x.png */,
				B5E17CEF15DD12AE003DEDEA /* DSLCalendarDaySelection.png */,
				B5E17CF015DD12AE003DEDEA /* DSLCalendarDaySelection@2x.png */,
			);
			path = Images;
			sourceTree = "<group>";
		};
/* End PBXGroup section */

/* Begin PBXNativeTarget section */
		B5A24DBA15D81F3D00F07396 /* DSLCalendarViewExample */ = {
			isa = PBXNativeTarget;
			buildConfigurationList = B5A24DD915D81F3D00F07396 /* Build configuration list for PBXNativeTarget "DSLCalendarViewExample" */;
			buildPhases = (
				B5A24DB715D81F3D00F07396 /* Sources */,
				B5A24DB815D81F3D00F07396 /* Frameworks */,
				B5A24DB915D81F3D00F07396 /* Resources */,
			);
			buildRules = (
			);
			dependencies = (
			);
			name = DSLCalendarViewExample;
			productName = DSLCalendarViewExample;
			productReference = B5A24DBB15D81F3D00F07396 /* DSLCalendarViewExample.app */;
			productType = "com.apple.product-type.application";
		};
/* End PBXNativeTarget section */

/* Begin PBXProject section */
		B5A24DB215D81F3D00F07396 /* Project object */ = {
			isa = PBXProject;
			attributes = {
				LastUpgradeCheck = 0440;
				ORGANIZATIONNAME = "Pete Callaway";
			};
			buildConfigurationList = B5A24DB515D81F3D00F07396 /* Build configuration list for PBXProject "DSLCalendarViewExample" */;
			compatibilityVersion = "Xcode 3.2";
			developmentRegion = English;
			hasScannedForEncodings = 0;
			knownRegions = (
				en,
			);
			mainGroup = B5A24DB015D81F3D00F07396;
			productRefGroup = B5A24DBC15D81F3D00F07396 /* Products */;
			projectDirPath = "";
			projectRoot = "";
			targets = (
				B5A24DBA15D81F3D00F07396 /* DSLCalendarViewExample */,
			);
		};
/* End PBXProject section */

/* Begin PBXResourcesBuildPhase section */
		B5A24DB915D81F3D00F07396 /* Resources */ = {
			isa = PBXResourcesBuildPhase;
			buildActionMask = 2147483647;
			files = (
				B5A24DCA15D81F3D00F07396 /* InfoPlist.strings in Resources */,
				B5A24DD615D81F3D00F07396 /* ViewController.xib in Resources */,
				B5A24DF115D81F9A00F07396 /* DSLCalendarMonthSelectorView.xib in Resources */,
				B5294AE915DCFA59003DB0C2 /* DSLCalendarDayCalloutView.xib in Resources */,
				B5E17CF115DD12AE003DEDEA /* DSLCalendarDayCallout.png in Resources */,
				B5E17CF215DD12AE003DEDEA /* DSLCalendarDayCallout@2x.png in Resources */,
				B5E17CF315DD12AE003DEDEA /* DSLCalendarDaySelection-left.png in Resources */,
				B5E17CF415DD12AE003DEDEA /* DSLCalendarDaySelection-left@2x.png in Resources */,
				B5E17CF515DD12AE003DEDEA /* DSLCalendarDaySelection-middle.png in Resources */,
				B5E17CF615DD12AE003DEDEA /* DSLCalendarDaySelection-middle@2x.png in Resources */,
				B5E17CF715DD12AE003DEDEA /* DSLCalendarDaySelection-right.png in Resources */,
				B5E17CF815DD12AE003DEDEA /* DSLCalendarDaySelection-right@2x.png in Resources */,
				B5E17CF915DD12AE003DEDEA /* DSLCalendarDaySelection.png in Resources */,
				B5E17CFA15DD12AE003DEDEA /* DSLCalendarDaySelection@2x.png in Resources */,
				B5E17D1015DD577C003DEDEA /* DSLCalendar-nextMonth.png in Resources */,
				B5E17D1115DD577C003DEDEA /* DSLCalendar-nextMonth@2x.png in Resources */,
				B5E17D1215DD577C003DEDEA /* DSLCalendar-previousMonth.png in Resources */,
				B5E17D1315DD577C003DEDEA /* DSLCalendar-previousMonth@2x.png in Resources */,
				C15EF2F816491EDA00318CE2 /* Default-568h@2x.png in Resources */,
				C15EF2FB1649223500318CE2 /* Icon-114.png in Resources */,
				C15EF2FD1649223900318CE2 /* Icon-57.png in Resources */,
				C15EF2FF1649230700318CE2 /* Default@2x.png in Resources */,
				C15EF3011649230A00318CE2 /* Default.png in Resources */,
			);
			runOnlyForDeploymentPostprocessing = 0;
		};
/* End PBXResourcesBuildPhase section */

/* Begin PBXSourcesBuildPhase section */
		B5A24DB715D81F3D00F07396 /* Sources */ = {
			isa = PBXSourcesBuildPhase;
			buildActionMask = 2147483647;
			files = (
				B5A24DCC15D81F3D00F07396 /* main.m in Sources */,
				B5A24DD015D81F3D00F07396 /* AppDelegate.m in Sources */,
				B5A24DD315D81F3D00F07396 /* ViewController.m in Sources */,
				B5A24DEC15D81F9A00F07396 /* DSLCalendarDayView.m in Sources */,
				B5A24DED15D81F9A00F07396 /* DSLCalendarMonthView.m in Sources */,
				B5A24DEE15D81F9A00F07396 /* DSLCalendarRange.m in Sources */,
				B5A24DEF15D81F9A00F07396 /* DSLCalendarView.m in Sources */,
				B5A24DF015D81F9A00F07396 /* DSLCalendarMonthSelectorView.m in Sources */,
				B5294AE615DCF9CF003DB0C2 /* DSLCalendarDayCalloutView.m in Sources */,
				B5E17D1615DD5F1E003DEDEA /* NSDate+DSLCalendarView.m in Sources */,
			);
			runOnlyForDeploymentPostprocessing = 0;
		};
/* End PBXSourcesBuildPhase section */

/* Begin PBXVariantGroup section */
		B5A24DC815D81F3D00F07396 /* InfoPlist.strings */ = {
			isa = PBXVariantGroup;
			children = (
				B5A24DC915D81F3D00F07396 /* en */,
			);
			name = InfoPlist.strings;
			sourceTree = "<group>";
		};
		B5A24DD415D81F3D00F07396 /* ViewController.xib */ = {
			isa = PBXVariantGroup;
			children = (
				B5A24DD515D81F3D00F07396 /* en */,
			);
			name = ViewController.xib;
			sourceTree = "<group>";
		};
/* End PBXVariantGroup section */

/* Begin XCBuildConfiguration section */
		B5A24DD715D81F3D00F07396 /* Debug */ = {
			isa = XCBuildConfiguration;
			buildSettings = {
				ALWAYS_SEARCH_USER_PATHS = NO;
				ARCHS = "$(ARCHS_STANDARD_32_BIT)";
				CLANG_CXX_LANGUAGE_STANDARD = "gnu++0x";
				CLANG_ENABLE_OBJC_ARC = YES;
				CLANG_WARN__DUPLICATE_METHOD_MATCH = YES;
				"CODE_SIGN_IDENTITY[sdk=iphoneos*]" = "iPhone Developer";
				COPY_PHASE_STRIP = NO;
				GCC_C_LANGUAGE_STANDARD = gnu99;
				GCC_DYNAMIC_NO_PIC = NO;
				GCC_OPTIMIZATION_LEVEL = 0;
				GCC_PREPROCESSOR_DEFINITIONS = (
					"DEBUG=1",
					"$(inherited)",
				);
				GCC_SYMBOLS_PRIVATE_EXTERN = NO;
				GCC_VERSION = com.apple.compilers.llvm.clang.1_0;
				GCC_WARN_ABOUT_RETURN_TYPE = YES;
				GCC_WARN_UNINITIALIZED_AUTOS = YES;
				GCC_WARN_UNUSED_VARIABLE = YES;
				IPHONEOS_DEPLOYMENT_TARGET = 5.1;
				SDKROOT = iphoneos;
			};
			name = Debug;
		};
		B5A24DD815D81F3D00F07396 /* Release */ = {
			isa = XCBuildConfiguration;
			buildSettings = {
				ALWAYS_SEARCH_USER_PATHS = NO;
				ARCHS = "$(ARCHS_STANDARD_32_BIT)";
				CLANG_CXX_LANGUAGE_STANDARD = "gnu++0x";
				CLANG_ENABLE_OBJC_ARC = YES;
				CLANG_WARN__DUPLICATE_METHOD_MATCH = YES;
				"CODE_SIGN_IDENTITY[sdk=iphoneos*]" = "iPhone Developer";
				COPY_PHASE_STRIP = YES;
				GCC_C_LANGUAGE_STANDARD = gnu99;
				GCC_VERSION = com.apple.compilers.llvm.clang.1_0;
				GCC_WARN_ABOUT_RETURN_TYPE = YES;
				GCC_WARN_UNINITIALIZED_AUTOS = YES;
				GCC_WARN_UNUSED_VARIABLE = YES;
				IPHONEOS_DEPLOYMENT_TARGET = 5.1;
				OTHER_CFLAGS = "-DNS_BLOCK_ASSERTIONS=1";
				SDKROOT = iphoneos;
				VALIDATE_PRODUCT = YES;
			};
			name = Release;
		};
		B5A24DDA15D81F3D00F07396 /* Debug */ = {
			isa = XCBuildConfiguration;
			buildSettings = {
				GCC_PRECOMPILE_PREFIX_HEADER = YES;
				GCC_PREFIX_HEADER = "DSLCalendarViewExample/DSLCalendarViewExample-Prefix.pch";
				INFOPLIST_FILE = "DSLCalendarViewExample/DSLCalendarViewExample-Info.plist";
				PRODUCT_NAME = "$(TARGET_NAME)";
				RUN_CLANG_STATIC_ANALYZER = YES;
				WRAPPER_EXTENSION = app;
			};
			name = Debug;
		};
		B5A24DDB15D81F3D00F07396 /* Release */ = {
			isa = XCBuildConfiguration;
			buildSettings = {
				GCC_PRECOMPILE_PREFIX_HEADER = YES;
				GCC_PREFIX_HEADER = "DSLCalendarViewExample/DSLCalendarViewExample-Prefix.pch";
				INFOPLIST_FILE = "DSLCalendarViewExample/DSLCalendarViewExample-Info.plist";
				PRODUCT_NAME = "$(TARGET_NAME)";
				RUN_CLANG_STATIC_ANALYZER = YES;
				WRAPPER_EXTENSION = app;
			};
			name = Release;
		};
/* End XCBuildConfiguration section */

/* Begin XCConfigurationList section */
		B5A24DB515D81F3D00F07396 /* Build configuration list for PBXProject "DSLCalendarViewExample" */ = {
			isa = XCConfigurationList;
			buildConfigurations = (
				B5A24DD715D81F3D00F07396 /* Debug */,
				B5A24DD815D81F3D00F07396 /* Release */,
			);
			defaultConfigurationIsVisible = 0;
			defaultConfigurationName = Release;
		};
		B5A24DD915D81F3D00F07396 /* Build configuration list for PBXNativeTarget "DSLCalendarViewExample" */ = {
			isa = XCConfigurationList;
			buildConfigurations = (
				B5A24DDA15D81F3D00F07396 /* Debug */,
				B5A24DDB15D81F3D00F07396 /* Release */,
			);
			defaultConfigurationIsVisible = 0;
			defaultConfigurationName = Release;
		};
/* End XCConfigurationList section */
	};
	rootObject = B5A24DB215D81F3D00F07396 /* Project object */;
}
